{
  "requires": true,
  "lockfileVersion": 1,
  "dependencies": {
    "@emotion/is-prop-valid": {
      "version": "0.8.8",
      "resolved": "https://registry.npmjs.org/@emotion/is-prop-valid/-/is-prop-valid-0.8.8.tgz",
      "integrity": "sha512-u5WtneEAr5IDG2Wv65yhunPSMLIpuKsbuOktRojfrEiEvRyC85LgPMZI63cr7NUqT8ZIGdSVg8ZKGxIug4lXcA==",
      "requires": {
        "@emotion/memoize": "0.7.4"
      }
    },
    "@emotion/memoize": {
      "version": "0.7.4",
      "resolved": "https://registry.npmjs.org/@emotion/memoize/-/memoize-0.7.4.tgz",
      "integrity": "sha512-Ja/Vfqe3HpuzRsG1oBtWTHk2PGZ7GR+2Vz5iYGelAw8dx32K0y7PjVuxK6z1nMpZOqAFsRUPCkK1YjJ56qJlgw=="
    },
    "axios": {
      "version": "0.24.0",
      "resolved": "https://registry.npmjs.org/axios/-/axios-0.24.0.tgz",
      "integrity": "sha512-Q6cWsys88HoPgAaFAVUb0WpPk0O8iTeisR9IMqy9G8AbO4NlpVknrnQS03zzF9PGAWgO3cgletO3VjV/P7VztA==",
      "requires": {
        "follow-redirects": "^1.14.4"
      }
    },
    "follow-redirects": {
      "version": "1.14.5",
      "resolved": "https://registry.npmjs.org/follow-redirects/-/follow-redirects-1.14.5.tgz",
      "integrity": "sha512-wtphSXy7d4/OR+MvIFbCVBDzZ5520qV8XfPklSN5QtxuMUJZ+b0Wnst1e1lCDocfzuCkHqj8k0FpZqO+UIaKNA=="
    },
    "framer-motion": {
      "version": "5.3.2",
      "resolved": "https://registry.npmjs.org/framer-motion/-/framer-motion-5.3.2.tgz",
      "integrity": "sha512-39xU+ev4inXRAMb2DtdrMnWEinlMLTsk1lmYKcHmHy2WjwewqN9vL+dzqRuhzoPz3fia4U4x2h2w/bNpgh7egA==",
      "requires": {
        "@emotion/is-prop-valid": "^0.8.2",
        "framesync": "6.0.1",
        "hey-listen": "^1.0.8",
        "popmotion": "11.0.0",
        "style-value-types": "5.0.0",
        "tslib": "^2.1.0"
      }
    },
    "framesync": {
      "version": "6.0.1",
      "resolved": "https://registry.npmjs.org/framesync/-/framesync-6.0.1.tgz",
      "integrity": "sha512-fUY88kXvGiIItgNC7wcTOl0SNRCVXMKSWW2Yzfmn7EKNc+MpCzcz9DhdHcdjbrtN3c6R4H5dTY2jiCpPdysEjA==",
      "requires": {
        "tslib": "^2.1.0"
      }
    },
    "hey-listen": {
      "version": "1.0.8",
      "resolved": "https://registry.npmjs.org/hey-listen/-/hey-listen-1.0.8.tgz",
      "integrity": "sha512-COpmrF2NOg4TBWUJ5UVyaCU2A88wEMkUPK4hNqyCkqHbxT92BbvfjoSozkAIIm6XhicGlJHhFdullInrdhwU8Q=="
    },
    "popmotion": {
      "version": "11.0.0",
      "resolved": "https://registry.npmjs.org/popmotion/-/popmotion-11.0.0.tgz",
      "integrity": "sha512-kJDyaG00TtcANP5JZ51od+DCqopxBm2a/Txh3Usu23L9qntjY5wumvcVf578N8qXEHR1a+jx9XCv8zOntdYalQ==",
      "requires": {
        "framesync": "^6.0.1",
        "hey-listen": "^1.0.8",
        "style-value-types": "5.0.0",
        "tslib": "^2.1.0"
      }
    },
    "style-value-types": {
      "version": "5.0.0",
      "resolved": "https://registry.npmjs.org/style-value-types/-/style-value-types-5.0.0.tgz",
      "integrity": "sha512-08yq36Ikn4kx4YU6RD7jWEv27v4V+PUsOGa4n/as8Et3CuODMJQ00ENeAVXAeydX4Z2j1XHZF1K2sX4mGl18fA==",
      "requires": {
        "hey-listen": "^1.0.8",
        "tslib": "^2.1.0"
      }
    },
    "tslib": {
      "version": "2.3.1",
      "resolved": "https://registry.npmjs.org/tslib/-/tslib-2.3.1.tgz",
      "integrity": "sha512-77EbyPPpMz+FRFRuAFlWMtmgUWGe9UOG2Z25NqCwiIjRhOf5iKGuzSe5P2w1laq+FkRy4p+PCuVkJSGkzTEKVw=="
    }
  }
}
